
Microsoft Visual Studio Solution File, Format Version 12.00
# Visual Studio Version 17
VisualStudioVersion = 17.11.35327.3
MinimumVisualStudioVersion = 10.0.40219.1
Project("{2150E333-8FDC-42A3-9474-1A3956D46DE8}") = "Exercicio1", "Exercicio1", "{C51AEAAA-24C0-410D-8593-D0867C525A3D}"
EndProject
Project("{9A19103F-16F7-4668-BE54-9A1E7A4F7556}") = "MediaEntreNumeros", "MediaEntreNumeros\MediaEntreNumeros.csproj", "{406444B1-DA86-4F87-886C-1DF627346047}"
EndProject
Project("{2150E333-8FDC-42A3-9474-1A3956D46DE8}") = "Exercicio2", "Exercicio2", "{C65BAD30-A3AC-4E4E-8713-2AA8D7649A64}"
EndProject
Project("{9A19103F-16F7-4668-BE54-9A1E7A4F7556}") = "ManipulacaoNumerosInteirosComVetores", "ManipulacaoNumerosInteirosComVetores\ManipulacaoNumerosInteirosComVetores.csproj", "{22F88F6D-E292-459E-A97C-59EEB61A1D48}"
EndProject
Project("{2150E333-8FDC-42A3-9474-1A3956D46DE8}") = "Exercicio3", "Exercicio3", "{7756B77C-C9A6-406B-81C9-FFC81DBB0EFC}"
EndProject
Project("{FAE04EC0-301F-11D3-BF4B-00C04F79EFBC}") = "Tabuada", "Tabuada\Tabuada.csproj", "{94B2A83B-3159-4885-AA98-080D590CEEFF}"
EndProject
Global
	GlobalSection(SolutionConfigurationPlatforms) = preSolution
		Debug|Any CPU = Debug|Any CPU
		Release|Any CPU = Release|Any CPU
	EndGlobalSection
	GlobalSection(ProjectConfigurationPlatforms) = postSolution
		{406444B1-DA86-4F87-886C-1DF627346047}.Debug|Any CPU.ActiveCfg = Debug|Any CPU
		{406444B1-DA86-4F87-886C-1DF627346047}.Debug|Any CPU.Build.0 = Debug|Any CPU
		{406444B1-DA86-4F87-886C-1DF627346047}.Release|Any CPU.ActiveCfg = Release|Any CPU
		{406444B1-DA86-4F87-886C-1DF627346047}.Release|Any CPU.Build.0 = Release|Any CPU
		{22F88F6D-E292-459E-A97C-59EEB61A1D48}.Debug|Any CPU.ActiveCfg = Debug|Any CPU
		{22F88F6D-E292-459E-A97C-59EEB61A1D48}.Debug|Any CPU.Build.0 = Debug|Any CPU
		{22F88F6D-E292-459E-A97C-59EEB61A1D48}.Release|Any CPU.ActiveCfg = Release|Any CPU
		{22F88F6D-E292-459E-A97C-59EEB61A1D48}.Release|Any CPU.Build.0 = Release|Any CPU
		{94B2A83B-3159-4885-AA98-080D590CEEFF}.Debug|Any CPU.ActiveCfg = Debug|Any CPU
		{94B2A83B-3159-4885-AA98-080D590CEEFF}.Debug|Any CPU.Build.0 = Debug|Any CPU
		{94B2A83B-3159-4885-AA98-080D590CEEFF}.Release|Any CPU.ActiveCfg = Release|Any CPU
		{94B2A83B-3159-4885-AA98-080D590CEEFF}.Release|Any CPU.Build.0 = Release|Any CPU
	EndGlobalSection
	GlobalSection(SolutionProperties) = preSolution
		HideSolutionNode = FALSE
	EndGlobalSection
	GlobalSection(NestedProjects) = preSolution
		{406444B1-DA86-4F87-886C-1DF627346047} = {C51AEAAA-24C0-410D-8593-D0867C525A3D}
		{22F88F6D-E292-459E-A97C-59EEB61A1D48} = {C65BAD30-A3AC-4E4E-8713-2AA8D7649A64}
		{94B2A83B-3159-4885-AA98-080D590CEEFF} = {7756B77C-C9A6-406B-81C9-FFC81DBB0EFC}
	EndGlobalSection
	GlobalSection(ExtensibilityGlobals) = postSolution
		SolutionGuid = {489EF363-3B79-42FA-AEAD-471256C98B59}
	EndGlobalSection
EndGlobal
