
Microsoft Visual Studio Solution File, Format Version 12.00
# Visual Studio Version 17
VisualStudioVersion = 17.11.35327.3
MinimumVisualStudioVersion = 10.0.40219.1
Project("{2150E333-8FDC-42A3-9474-1A3956D46DE8}") = "Exercicio1", "Exercicio1", "{C51AEAAA-24C0-410D-8593-D0867C525A3D}"
EndProject
Project("{9A19103F-16F7-4668-BE54-9A1E7A4F7556}") = "MediaEntreNumeros", "MediaEntreNumeros\MediaEntreNumeros.csproj", "{406444B1-DA86-4F87-886C-1DF627346047}"
EndProject
Project("{2150E333-8FDC-42A3-9474-1A3956D46DE8}") = "Exercicio2", "Exercicio2", "{C65BAD30-A3AC-4E4E-8713-2AA8D7649A64}"
EndProject
Project("{9A19103F-16F7-4668-BE54-9A1E7A4F7556}") = "ManipulacaoNumerosInteirosComVetores", "ManipulacaoNumerosInteirosComVetores\ManipulacaoNumerosInteirosComVetores.csproj", "{22F88F6D-E292-459E-A97C-59EEB61A1D48}"
EndProject
Project("{2150E333-8FDC-42A3-9474-1A3956D46DE8}") = "Exercicio3", "Exercicio3", "{7756B77C-C9A6-406B-81C9-FFC81DBB0EFC}"
EndProject
Project("{9A19103F-16F7-4668-BE54-9A1E7A4F7556}") = "Tabuada", "Tabuada\Tabuada.csproj", "{94B2A83B-3159-4885-AA98-080D590CEEFF}"
EndProject
Project("{2150E333-8FDC-42A3-9474-1A3956D46DE8}") = "Exercicio4", "Exercicio4", "{F560211C-C478-41AA-8592-15B49209DAC5}"
EndProject
Project("{9A19103F-16F7-4668-BE54-9A1E7A4F7556}") = "LeituraExibicaoDeNumerosNegativos", "Leitura e Exibição de Números Negativos\LeituraExibicaoDeNumerosNegativos.csproj", "{40B549E2-56D4-4C16-A65B-19213FE11587}"
EndProject
Project("{2150E333-8FDC-42A3-9474-1A3956D46DE8}") = "Exercicio5", "Exercicio5", "{D2F76E99-877D-40FC-BB17-55EFB0CC5228}"
EndProject
Project("{9A19103F-16F7-4668-BE54-9A1E7A4F7556}") = "DadosPessoaisPercentual", "dadosPessoaisPercentual\DadosPessoaisPercentual.csproj", "{20096AFB-8253-4A3B-B13C-6B966D1A2CA9}"
EndProject
Project("{2150E333-8FDC-42A3-9474-1A3956D46DE8}") = "Exercicio6", "Exercicio6", "{957BED7E-10C4-4E22-8FAE-35BF1FE41E8F}"
EndProject
Project("{9A19103F-16F7-4668-BE54-9A1E7A4F7556}") = "LeituraExibicaoDeMatrizesDeInteiros", "LeituraExibicaoDeMatrizesDeInteiros\LeituraExibicaoDeMatrizesDeInteiros.csproj", "{3C488E58-273B-460A-BF12-FF3BC31CEA51}"
EndProject
Project("{2150E333-8FDC-42A3-9474-1A3956D46DE8}") = "Exercicio7", "Exercicio7", "{B4EE7ECB-4DDE-48B5-9C60-455F48209C1B}"
EndProject
Project("{FAE04EC0-301F-11D3-BF4B-00C04F79EFBC}") = "MatrizContagemNegativosDiagonalPrincipal", "MatrizContagemNegativosDiagonalPrincipal\MatrizContagemNegativosDiagonalPrincipal.csproj", "{82BD0A87-1A66-400C-816C-5CAC8E7DD3F3}"
EndProject
Global
	GlobalSection(SolutionConfigurationPlatforms) = preSolution
		Debug|Any CPU = Debug|Any CPU
		Release|Any CPU = Release|Any CPU
	EndGlobalSection
	GlobalSection(ProjectConfigurationPlatforms) = postSolution
		{406444B1-DA86-4F87-886C-1DF627346047}.Debug|Any CPU.ActiveCfg = Debug|Any CPU
		{406444B1-DA86-4F87-886C-1DF627346047}.Debug|Any CPU.Build.0 = Debug|Any CPU
		{406444B1-DA86-4F87-886C-1DF627346047}.Release|Any CPU.ActiveCfg = Release|Any CPU
		{406444B1-DA86-4F87-886C-1DF627346047}.Release|Any CPU.Build.0 = Release|Any CPU
		{22F88F6D-E292-459E-A97C-59EEB61A1D48}.Debug|Any CPU.ActiveCfg = Debug|Any CPU
		{22F88F6D-E292-459E-A97C-59EEB61A1D48}.Debug|Any CPU.Build.0 = Debug|Any CPU
		{22F88F6D-E292-459E-A97C-59EEB61A1D48}.Release|Any CPU.ActiveCfg = Release|Any CPU
		{22F88F6D-E292-459E-A97C-59EEB61A1D48}.Release|Any CPU.Build.0 = Release|Any CPU
		{94B2A83B-3159-4885-AA98-080D590CEEFF}.Debug|Any CPU.ActiveCfg = Debug|Any CPU
		{94B2A83B-3159-4885-AA98-080D590CEEFF}.Debug|Any CPU.Build.0 = Debug|Any CPU
		{94B2A83B-3159-4885-AA98-080D590CEEFF}.Release|Any CPU.ActiveCfg = Release|Any CPU
		{94B2A83B-3159-4885-AA98-080D590CEEFF}.Release|Any CPU.Build.0 = Release|Any CPU
		{40B549E2-56D4-4C16-A65B-19213FE11587}.Debug|Any CPU.ActiveCfg = Debug|Any CPU
		{40B549E2-56D4-4C16-A65B-19213FE11587}.Debug|Any CPU.Build.0 = Debug|Any CPU
		{40B549E2-56D4-4C16-A65B-19213FE11587}.Release|Any CPU.ActiveCfg = Release|Any CPU
		{40B549E2-56D4-4C16-A65B-19213FE11587}.Release|Any CPU.Build.0 = Release|Any CPU
		{20096AFB-8253-4A3B-B13C-6B966D1A2CA9}.Debug|Any CPU.ActiveCfg = Debug|Any CPU
		{20096AFB-8253-4A3B-B13C-6B966D1A2CA9}.Debug|Any CPU.Build.0 = Debug|Any CPU
		{20096AFB-8253-4A3B-B13C-6B966D1A2CA9}.Release|Any CPU.ActiveCfg = Release|Any CPU
		{20096AFB-8253-4A3B-B13C-6B966D1A2CA9}.Release|Any CPU.Build.0 = Release|Any CPU
		{3C488E58-273B-460A-BF12-FF3BC31CEA51}.Debug|Any CPU.ActiveCfg = Debug|Any CPU
		{3C488E58-273B-460A-BF12-FF3BC31CEA51}.Debug|Any CPU.Build.0 = Debug|Any CPU
		{3C488E58-273B-460A-BF12-FF3BC31CEA51}.Release|Any CPU.ActiveCfg = Release|Any CPU
		{3C488E58-273B-460A-BF12-FF3BC31CEA51}.Release|Any CPU.Build.0 = Release|Any CPU
		{82BD0A87-1A66-400C-816C-5CAC8E7DD3F3}.Debug|Any CPU.ActiveCfg = Debug|Any CPU
		{82BD0A87-1A66-400C-816C-5CAC8E7DD3F3}.Debug|Any CPU.Build.0 = Debug|Any CPU
		{82BD0A87-1A66-400C-816C-5CAC8E7DD3F3}.Release|Any CPU.ActiveCfg = Release|Any CPU
		{82BD0A87-1A66-400C-816C-5CAC8E7DD3F3}.Release|Any CPU.Build.0 = Release|Any CPU
	EndGlobalSection
	GlobalSection(SolutionProperties) = preSolution
		HideSolutionNode = FALSE
	EndGlobalSection
	GlobalSection(NestedProjects) = preSolution
		{406444B1-DA86-4F87-886C-1DF627346047} = {C51AEAAA-24C0-410D-8593-D0867C525A3D}
		{22F88F6D-E292-459E-A97C-59EEB61A1D48} = {C65BAD30-A3AC-4E4E-8713-2AA8D7649A64}
		{94B2A83B-3159-4885-AA98-080D590CEEFF} = {7756B77C-C9A6-406B-81C9-FFC81DBB0EFC}
		{40B549E2-56D4-4C16-A65B-19213FE11587} = {F560211C-C478-41AA-8592-15B49209DAC5}
		{20096AFB-8253-4A3B-B13C-6B966D1A2CA9} = {D2F76E99-877D-40FC-BB17-55EFB0CC5228}
		{3C488E58-273B-460A-BF12-FF3BC31CEA51} = {957BED7E-10C4-4E22-8FAE-35BF1FE41E8F}
		{82BD0A87-1A66-400C-816C-5CAC8E7DD3F3} = {B4EE7ECB-4DDE-48B5-9C60-455F48209C1B}
	EndGlobalSection
	GlobalSection(ExtensibilityGlobals) = postSolution
		SolutionGuid = {489EF363-3B79-42FA-AEAD-471256C98B59}
	EndGlobalSection
EndGlobal
