
Microsoft Visual Studio Solution File, Format Version 12.00
# Visual Studio Version 17
VisualStudioVersion = 17.11.35327.3
MinimumVisualStudioVersion = 10.0.40219.1
Project("{2150E333-8FDC-42A3-9474-1A3956D46DE8}") = "Exercicio01", "Exercicio01", "{C51AEAAA-24C0-410D-8593-D0867C525A3D}"
EndProject
Project("{9A19103F-16F7-4668-BE54-9A1E7A4F7556}") = "MediaEntreNumeros", "MediaEntreNumeros\MediaEntreNumeros.csproj", "{406444B1-DA86-4F87-886C-1DF627346047}"
EndProject
Project("{2150E333-8FDC-42A3-9474-1A3956D46DE8}") = "Exercicio02", "Exercicio02", "{C65BAD30-A3AC-4E4E-8713-2AA8D7649A64}"
EndProject
Project("{9A19103F-16F7-4668-BE54-9A1E7A4F7556}") = "ManipulacaoNumerosInteirosComVetores", "ManipulacaoNumerosInteirosComVetores\ManipulacaoNumerosInteirosComVetores.csproj", "{22F88F6D-E292-459E-A97C-59EEB61A1D48}"
EndProject
Project("{2150E333-8FDC-42A3-9474-1A3956D46DE8}") = "Exercicio03", "Exercicio03", "{7756B77C-C9A6-406B-81C9-FFC81DBB0EFC}"
EndProject
Project("{9A19103F-16F7-4668-BE54-9A1E7A4F7556}") = "Tabuada", "Tabuada\Tabuada.csproj", "{94B2A83B-3159-4885-AA98-080D590CEEFF}"
EndProject
Project("{2150E333-8FDC-42A3-9474-1A3956D46DE8}") = "Exercicio04", "Exercicio04", "{F560211C-C478-41AA-8592-15B49209DAC5}"
EndProject
Project("{9A19103F-16F7-4668-BE54-9A1E7A4F7556}") = "LeituraExibicaoDeNumerosNegativos", "Leitura e Exibição de Números Negativos\LeituraExibicaoDeNumerosNegativos.csproj", "{40B549E2-56D4-4C16-A65B-19213FE11587}"
EndProject
Project("{2150E333-8FDC-42A3-9474-1A3956D46DE8}") = "Exercicio05", "Exercicio05", "{D2F76E99-877D-40FC-BB17-55EFB0CC5228}"
EndProject
Project("{9A19103F-16F7-4668-BE54-9A1E7A4F7556}") = "DadosPessoaisPercentual", "dadosPessoaisPercentual\DadosPessoaisPercentual.csproj", "{20096AFB-8253-4A3B-B13C-6B966D1A2CA9}"
EndProject
Project("{2150E333-8FDC-42A3-9474-1A3956D46DE8}") = "Exercicio06", "Exercicio06", "{957BED7E-10C4-4E22-8FAE-35BF1FE41E8F}"
EndProject
Project("{9A19103F-16F7-4668-BE54-9A1E7A4F7556}") = "LeituraExibicaoDeMatrizesDeInteiros", "LeituraExibicaoDeMatrizesDeInteiros\LeituraExibicaoDeMatrizesDeInteiros.csproj", "{3C488E58-273B-460A-BF12-FF3BC31CEA51}"
EndProject
Project("{2150E333-8FDC-42A3-9474-1A3956D46DE8}") = "Exercicio07", "Exercicio07", "{B4EE7ECB-4DDE-48B5-9C60-455F48209C1B}"
EndProject
Project("{FAE04EC0-301F-11D3-BF4B-00C04F79EFBC}") = "MatrizContagemNegativosDiagonalPrincipal", "MatrizContagemNegativosDiagonalPrincipal\MatrizContagemNegativosDiagonalPrincipal.csproj", "{82BD0A87-1A66-400C-816C-5CAC8E7DD3F3}"
EndProject
Project("{2150E333-8FDC-42A3-9474-1A3956D46DE8}") = "Exercicio08", "Exercicio08", "{C9F2B244-4B59-4AE3-A991-D01655E70982}"
EndProject
Project("{FAE04EC0-301F-11D3-BF4B-00C04F79EFBC}") = "VetorSomaLinhasMatriz", "VetorSomaLinhasMatriz\VetorSomaLinhasMatriz.csproj", "{7EC5AF4E-A52D-4603-982C-06E92AF06E1E}"
EndProject
Project("{2150E333-8FDC-42A3-9474-1A3956D46DE8}") = "Exercicio09", "Exercicio09", "{02EA681E-C7D8-13C7-8484-4AC65E1B71E8}"
EndProject
Project("{FAE04EC0-301F-11D3-BF4B-00C04F79EFBC}") = "AreaDoCirculo", "AreaDoCirculo\AreaDoCirculo.csproj", "{7B02E8F7-4770-4765-8A4C-2057469C43FD}"
EndProject
Project("{2150E333-8FDC-42A3-9474-1A3956D46DE8}") = "Exercicio10", "Exercicio10", "{8AFCB5A4-AE1B-4A4C-8F76-9B24A72CE64E}"
EndProject
Project("{FAE04EC0-301F-11D3-BF4B-00C04F79EFBC}") = "FormulaDeBhaskara", "FormulaDeBhaskara\FormulaDeBhaskara.csproj", "{49D5A1FE-B8E9-4262-A5D7-43419234D09C}"
EndProject
Project("{2150E333-8FDC-42A3-9474-1A3956D46DE8}") = "Exercicio11", "Exercicio11", "{173E3F77-85A7-44EB-8C4A-BD11E344121B}"
EndProject
Project("{FAE04EC0-301F-11D3-BF4B-00C04F79EFBC}") = "ValidacaoDeMultiplos", "ValidacaoDeMultiplos\ValidacaoDeMultiplos.csproj", "{B2D90F5E-D8A3-4AFE-892A-AE49828708B7}"
EndProject
Project("{2150E333-8FDC-42A3-9474-1A3956D46DE8}") = "Exercicio12", "Exercicio12", "{7DDCD727-CC86-4D92-AF71-C76EC6D9D18E}"
EndProject
Project("{FAE04EC0-301F-11D3-BF4B-00C04F79EFBC}") = "FuncaoValidarMaiorNumero", "FuncaoValidarMaiorNumero\FuncaoValidarMaiorNumero.csproj", "{00676228-FEBF-4314-B551-0E40CA8CC53D}"
EndProject
Project("{2150E333-8FDC-42A3-9474-1A3956D46DE8}") = "Exercicio13", "Exercicio13", "{0FF44233-D561-4A2C-AAB1-EC867C8FE1ED}"
EndProject
Project("{FAE04EC0-301F-11D3-BF4B-00C04F79EFBC}") = "IntervaloNumericoFuncao", "IntervaloNumericoFuncao\IntervaloNumericoFuncao.csproj", "{2ED811AF-D534-4201-B8F2-2BAEA3185474}"
EndProject
Project("{2150E333-8FDC-42A3-9474-1A3956D46DE8}") = "Exercicio14", "Exercicio14", "{48041AD6-CCBB-434A-A71C-B447E22ED0B4}"
EndProject
Project("{FAE04EC0-301F-11D3-BF4B-00C04F79EFBC}") = "PontoPlanoCartesiano", "PontoPlanoCartesiano\PontoPlanoCartesiano.csproj", "{2F98EB42-83B1-4D80-BFE3-6A3182B2ADF9}"
EndProject
Project("{2150E333-8FDC-42A3-9474-1A3956D46DE8}") = "Exercicio15", "Exercicio15", "{88182A7F-3150-4BAE-B8C9-D0240A2DB125}"
EndProject
Project("{FAE04EC0-301F-11D3-BF4B-00C04F79EFBC}") = "ComparadorDeTriangulos", "ComparadorDeTriangulos\ComparadorDeTriangulos.csproj", "{C40B99A5-DDD9-4D7F-9957-25CFF583D2AD}"
EndProject
Project("{2150E333-8FDC-42A3-9474-1A3956D46DE8}") = "Exercicio16", "Exercicio16", "{EA96861E-72AB-4C63-8218-01D13F872A79}"
EndProject
Project("{FAE04EC0-301F-11D3-BF4B-00C04F79EFBC}") = "RevisandoForDoWhile", "RevisandoForDoWhile\RevisandoForDoWhile.csproj", "{06266A55-DC44-41A8-ADCC-5AC7C67CF117}"
EndProject
Project("{2150E333-8FDC-42A3-9474-1A3956D46DE8}") = "Exercicio17", "Exercicio17", "{62017281-D596-4482-8388-6ED82253EC46}"
EndProject
Project("{FAE04EC0-301F-11D3-BF4B-00C04F79EFBC}") = "ControleEstoque", "ControleEstoque\ControleEstoque.csproj", "{6403FE7A-C01E-4682-B201-AC2AED3A7FD5}"
EndProject
Project("{2150E333-8FDC-42A3-9474-1A3956D46DE8}") = "Exercicio18", "Exercicio18", "{82BB723B-E4B7-4EB8-A932-E0805148B556}"
EndProject
Project("{FAE04EC0-301F-11D3-BF4B-00C04F79EFBC}") = "CalculoRetangulo", "CalculoRetangulo\CalculoRetangulo.csproj", "{654C2333-645C-4BE4-A7DF-D22DC9A2B037}"
EndProject
Project("{2150E333-8FDC-42A3-9474-1A3956D46DE8}") = "Exercicio19", "Exercicio19", "{6F13F4D6-4C22-4968-9742-2AE6CAB8BB29}"
EndProject
Project("{FAE04EC0-301F-11D3-BF4B-00C04F79EFBC}") = "CalculoSalarioFuncionario", "CalculoSalarioFuncionario\CalculoSalarioFuncionario.csproj", "{B0540CCA-15B0-44A7-A959-905C39FA1BD3}"
EndProject
Project("{2150E333-8FDC-42A3-9474-1A3956D46DE8}") = "Exercicio20", "Exercicio20", "{37101B59-DDF7-420A-AF0C-E3E835D23247}"
EndProject
Project("{FAE04EC0-301F-11D3-BF4B-00C04F79EFBC}") = "RaioCircunferenciaVolume", "RaioCircunferenciaVolume\RaioCircunferenciaVolume.csproj", "{350D93A1-1226-490C-A4CD-0855A323D436}"
EndProject
Project("{2150E333-8FDC-42A3-9474-1A3956D46DE8}") = "Exercicio21", "Exercicio21", "{43D5EF60-B50A-4D8F-B32A-30A875418818}"
EndProject
Project("{FAE04EC0-301F-11D3-BF4B-00C04F79EFBC}") = "BancoSimples", "BancoSimples\BancoSimples.csproj", "{B233EEAB-BBDF-410A-9DB3-3F67187F7A83}"
EndProject
Project("{2150E333-8FDC-42A3-9474-1A3956D46DE8}") = "Exercicio22", "Exercicio22", "{4452208F-3C8E-4767-A0E1-C9A9B66D79D7}"
EndProject
Project("{FAE04EC0-301F-11D3-BF4B-00C04F79EFBC}") = "PrecoMedioProdutos", "PrecoMedioProdutos\PrecoMedioProdutos.csproj", "{AC01451F-B36B-4E9D-9AA0-A6E2A3529D78}"
EndProject
Global
	GlobalSection(SolutionConfigurationPlatforms) = preSolution
		Debug|Any CPU = Debug|Any CPU
		Release|Any CPU = Release|Any CPU
	EndGlobalSection
	GlobalSection(ProjectConfigurationPlatforms) = postSolution
		{406444B1-DA86-4F87-886C-1DF627346047}.Debug|Any CPU.ActiveCfg = Debug|Any CPU
		{406444B1-DA86-4F87-886C-1DF627346047}.Debug|Any CPU.Build.0 = Debug|Any CPU
		{406444B1-DA86-4F87-886C-1DF627346047}.Release|Any CPU.ActiveCfg = Release|Any CPU
		{406444B1-DA86-4F87-886C-1DF627346047}.Release|Any CPU.Build.0 = Release|Any CPU
		{22F88F6D-E292-459E-A97C-59EEB61A1D48}.Debug|Any CPU.ActiveCfg = Debug|Any CPU
		{22F88F6D-E292-459E-A97C-59EEB61A1D48}.Debug|Any CPU.Build.0 = Debug|Any CPU
		{22F88F6D-E292-459E-A97C-59EEB61A1D48}.Release|Any CPU.ActiveCfg = Release|Any CPU
		{22F88F6D-E292-459E-A97C-59EEB61A1D48}.Release|Any CPU.Build.0 = Release|Any CPU
		{94B2A83B-3159-4885-AA98-080D590CEEFF}.Debug|Any CPU.ActiveCfg = Debug|Any CPU
		{94B2A83B-3159-4885-AA98-080D590CEEFF}.Debug|Any CPU.Build.0 = Debug|Any CPU
		{94B2A83B-3159-4885-AA98-080D590CEEFF}.Release|Any CPU.ActiveCfg = Release|Any CPU
		{94B2A83B-3159-4885-AA98-080D590CEEFF}.Release|Any CPU.Build.0 = Release|Any CPU
		{40B549E2-56D4-4C16-A65B-19213FE11587}.Debug|Any CPU.ActiveCfg = Debug|Any CPU
		{40B549E2-56D4-4C16-A65B-19213FE11587}.Debug|Any CPU.Build.0 = Debug|Any CPU
		{40B549E2-56D4-4C16-A65B-19213FE11587}.Release|Any CPU.ActiveCfg = Release|Any CPU
		{40B549E2-56D4-4C16-A65B-19213FE11587}.Release|Any CPU.Build.0 = Release|Any CPU
		{20096AFB-8253-4A3B-B13C-6B966D1A2CA9}.Debug|Any CPU.ActiveCfg = Debug|Any CPU
		{20096AFB-8253-4A3B-B13C-6B966D1A2CA9}.Debug|Any CPU.Build.0 = Debug|Any CPU
		{20096AFB-8253-4A3B-B13C-6B966D1A2CA9}.Release|Any CPU.ActiveCfg = Release|Any CPU
		{20096AFB-8253-4A3B-B13C-6B966D1A2CA9}.Release|Any CPU.Build.0 = Release|Any CPU
		{3C488E58-273B-460A-BF12-FF3BC31CEA51}.Debug|Any CPU.ActiveCfg = Debug|Any CPU
		{3C488E58-273B-460A-BF12-FF3BC31CEA51}.Debug|Any CPU.Build.0 = Debug|Any CPU
		{3C488E58-273B-460A-BF12-FF3BC31CEA51}.Release|Any CPU.ActiveCfg = Release|Any CPU
		{3C488E58-273B-460A-BF12-FF3BC31CEA51}.Release|Any CPU.Build.0 = Release|Any CPU
		{82BD0A87-1A66-400C-816C-5CAC8E7DD3F3}.Debug|Any CPU.ActiveCfg = Debug|Any CPU
		{82BD0A87-1A66-400C-816C-5CAC8E7DD3F3}.Debug|Any CPU.Build.0 = Debug|Any CPU
		{82BD0A87-1A66-400C-816C-5CAC8E7DD3F3}.Release|Any CPU.ActiveCfg = Release|Any CPU
		{82BD0A87-1A66-400C-816C-5CAC8E7DD3F3}.Release|Any CPU.Build.0 = Release|Any CPU
		{7EC5AF4E-A52D-4603-982C-06E92AF06E1E}.Debug|Any CPU.ActiveCfg = Debug|Any CPU
		{7EC5AF4E-A52D-4603-982C-06E92AF06E1E}.Debug|Any CPU.Build.0 = Debug|Any CPU
		{7EC5AF4E-A52D-4603-982C-06E92AF06E1E}.Release|Any CPU.ActiveCfg = Release|Any CPU
		{7EC5AF4E-A52D-4603-982C-06E92AF06E1E}.Release|Any CPU.Build.0 = Release|Any CPU
		{7B02E8F7-4770-4765-8A4C-2057469C43FD}.Debug|Any CPU.ActiveCfg = Debug|Any CPU
		{7B02E8F7-4770-4765-8A4C-2057469C43FD}.Debug|Any CPU.Build.0 = Debug|Any CPU
		{7B02E8F7-4770-4765-8A4C-2057469C43FD}.Release|Any CPU.ActiveCfg = Release|Any CPU
		{7B02E8F7-4770-4765-8A4C-2057469C43FD}.Release|Any CPU.Build.0 = Release|Any CPU
		{49D5A1FE-B8E9-4262-A5D7-43419234D09C}.Debug|Any CPU.ActiveCfg = Debug|Any CPU
		{49D5A1FE-B8E9-4262-A5D7-43419234D09C}.Debug|Any CPU.Build.0 = Debug|Any CPU
		{49D5A1FE-B8E9-4262-A5D7-43419234D09C}.Release|Any CPU.ActiveCfg = Release|Any CPU
		{49D5A1FE-B8E9-4262-A5D7-43419234D09C}.Release|Any CPU.Build.0 = Release|Any CPU
		{B2D90F5E-D8A3-4AFE-892A-AE49828708B7}.Debug|Any CPU.ActiveCfg = Debug|Any CPU
		{B2D90F5E-D8A3-4AFE-892A-AE49828708B7}.Debug|Any CPU.Build.0 = Debug|Any CPU
		{B2D90F5E-D8A3-4AFE-892A-AE49828708B7}.Release|Any CPU.ActiveCfg = Release|Any CPU
		{B2D90F5E-D8A3-4AFE-892A-AE49828708B7}.Release|Any CPU.Build.0 = Release|Any CPU
		{00676228-FEBF-4314-B551-0E40CA8CC53D}.Debug|Any CPU.ActiveCfg = Debug|Any CPU
		{00676228-FEBF-4314-B551-0E40CA8CC53D}.Debug|Any CPU.Build.0 = Debug|Any CPU
		{00676228-FEBF-4314-B551-0E40CA8CC53D}.Release|Any CPU.ActiveCfg = Release|Any CPU
		{00676228-FEBF-4314-B551-0E40CA8CC53D}.Release|Any CPU.Build.0 = Release|Any CPU
		{2ED811AF-D534-4201-B8F2-2BAEA3185474}.Debug|Any CPU.ActiveCfg = Debug|Any CPU
		{2ED811AF-D534-4201-B8F2-2BAEA3185474}.Debug|Any CPU.Build.0 = Debug|Any CPU
		{2ED811AF-D534-4201-B8F2-2BAEA3185474}.Release|Any CPU.ActiveCfg = Release|Any CPU
		{2ED811AF-D534-4201-B8F2-2BAEA3185474}.Release|Any CPU.Build.0 = Release|Any CPU
		{2F98EB42-83B1-4D80-BFE3-6A3182B2ADF9}.Debug|Any CPU.ActiveCfg = Debug|Any CPU
		{2F98EB42-83B1-4D80-BFE3-6A3182B2ADF9}.Debug|Any CPU.Build.0 = Debug|Any CPU
		{2F98EB42-83B1-4D80-BFE3-6A3182B2ADF9}.Release|Any CPU.ActiveCfg = Release|Any CPU
		{2F98EB42-83B1-4D80-BFE3-6A3182B2ADF9}.Release|Any CPU.Build.0 = Release|Any CPU
		{C40B99A5-DDD9-4D7F-9957-25CFF583D2AD}.Debug|Any CPU.ActiveCfg = Debug|Any CPU
		{C40B99A5-DDD9-4D7F-9957-25CFF583D2AD}.Debug|Any CPU.Build.0 = Debug|Any CPU
		{C40B99A5-DDD9-4D7F-9957-25CFF583D2AD}.Release|Any CPU.ActiveCfg = Release|Any CPU
		{C40B99A5-DDD9-4D7F-9957-25CFF583D2AD}.Release|Any CPU.Build.0 = Release|Any CPU
		{06266A55-DC44-41A8-ADCC-5AC7C67CF117}.Debug|Any CPU.ActiveCfg = Debug|Any CPU
		{06266A55-DC44-41A8-ADCC-5AC7C67CF117}.Debug|Any CPU.Build.0 = Debug|Any CPU
		{06266A55-DC44-41A8-ADCC-5AC7C67CF117}.Release|Any CPU.ActiveCfg = Release|Any CPU
		{06266A55-DC44-41A8-ADCC-5AC7C67CF117}.Release|Any CPU.Build.0 = Release|Any CPU
		{6403FE7A-C01E-4682-B201-AC2AED3A7FD5}.Debug|Any CPU.ActiveCfg = Debug|Any CPU
		{6403FE7A-C01E-4682-B201-AC2AED3A7FD5}.Debug|Any CPU.Build.0 = Debug|Any CPU
		{6403FE7A-C01E-4682-B201-AC2AED3A7FD5}.Release|Any CPU.ActiveCfg = Release|Any CPU
		{6403FE7A-C01E-4682-B201-AC2AED3A7FD5}.Release|Any CPU.Build.0 = Release|Any CPU
		{654C2333-645C-4BE4-A7DF-D22DC9A2B037}.Debug|Any CPU.ActiveCfg = Debug|Any CPU
		{654C2333-645C-4BE4-A7DF-D22DC9A2B037}.Debug|Any CPU.Build.0 = Debug|Any CPU
		{654C2333-645C-4BE4-A7DF-D22DC9A2B037}.Release|Any CPU.ActiveCfg = Release|Any CPU
		{654C2333-645C-4BE4-A7DF-D22DC9A2B037}.Release|Any CPU.Build.0 = Release|Any CPU
		{B0540CCA-15B0-44A7-A959-905C39FA1BD3}.Debug|Any CPU.ActiveCfg = Debug|Any CPU
		{B0540CCA-15B0-44A7-A959-905C39FA1BD3}.Debug|Any CPU.Build.0 = Debug|Any CPU
		{B0540CCA-15B0-44A7-A959-905C39FA1BD3}.Release|Any CPU.ActiveCfg = Release|Any CPU
		{B0540CCA-15B0-44A7-A959-905C39FA1BD3}.Release|Any CPU.Build.0 = Release|Any CPU
		{350D93A1-1226-490C-A4CD-0855A323D436}.Debug|Any CPU.ActiveCfg = Debug|Any CPU
		{350D93A1-1226-490C-A4CD-0855A323D436}.Debug|Any CPU.Build.0 = Debug|Any CPU
		{350D93A1-1226-490C-A4CD-0855A323D436}.Release|Any CPU.ActiveCfg = Release|Any CPU
		{350D93A1-1226-490C-A4CD-0855A323D436}.Release|Any CPU.Build.0 = Release|Any CPU
		{B233EEAB-BBDF-410A-9DB3-3F67187F7A83}.Debug|Any CPU.ActiveCfg = Debug|Any CPU
		{B233EEAB-BBDF-410A-9DB3-3F67187F7A83}.Debug|Any CPU.Build.0 = Debug|Any CPU
		{B233EEAB-BBDF-410A-9DB3-3F67187F7A83}.Release|Any CPU.ActiveCfg = Release|Any CPU
		{B233EEAB-BBDF-410A-9DB3-3F67187F7A83}.Release|Any CPU.Build.0 = Release|Any CPU
		{AC01451F-B36B-4E9D-9AA0-A6E2A3529D78}.Debug|Any CPU.ActiveCfg = Debug|Any CPU
		{AC01451F-B36B-4E9D-9AA0-A6E2A3529D78}.Debug|Any CPU.Build.0 = Debug|Any CPU
		{AC01451F-B36B-4E9D-9AA0-A6E2A3529D78}.Release|Any CPU.ActiveCfg = Release|Any CPU
		{AC01451F-B36B-4E9D-9AA0-A6E2A3529D78}.Release|Any CPU.Build.0 = Release|Any CPU
	EndGlobalSection
	GlobalSection(SolutionProperties) = preSolution
		HideSolutionNode = FALSE
	EndGlobalSection
	GlobalSection(NestedProjects) = preSolution
		{406444B1-DA86-4F87-886C-1DF627346047} = {C51AEAAA-24C0-410D-8593-D0867C525A3D}
		{22F88F6D-E292-459E-A97C-59EEB61A1D48} = {C65BAD30-A3AC-4E4E-8713-2AA8D7649A64}
		{94B2A83B-3159-4885-AA98-080D590CEEFF} = {7756B77C-C9A6-406B-81C9-FFC81DBB0EFC}
		{40B549E2-56D4-4C16-A65B-19213FE11587} = {F560211C-C478-41AA-8592-15B49209DAC5}
		{20096AFB-8253-4A3B-B13C-6B966D1A2CA9} = {D2F76E99-877D-40FC-BB17-55EFB0CC5228}
		{3C488E58-273B-460A-BF12-FF3BC31CEA51} = {957BED7E-10C4-4E22-8FAE-35BF1FE41E8F}
		{82BD0A87-1A66-400C-816C-5CAC8E7DD3F3} = {B4EE7ECB-4DDE-48B5-9C60-455F48209C1B}
		{7EC5AF4E-A52D-4603-982C-06E92AF06E1E} = {C9F2B244-4B59-4AE3-A991-D01655E70982}
		{7B02E8F7-4770-4765-8A4C-2057469C43FD} = {02EA681E-C7D8-13C7-8484-4AC65E1B71E8}
		{49D5A1FE-B8E9-4262-A5D7-43419234D09C} = {8AFCB5A4-AE1B-4A4C-8F76-9B24A72CE64E}
		{B2D90F5E-D8A3-4AFE-892A-AE49828708B7} = {173E3F77-85A7-44EB-8C4A-BD11E344121B}
		{00676228-FEBF-4314-B551-0E40CA8CC53D} = {7DDCD727-CC86-4D92-AF71-C76EC6D9D18E}
		{2ED811AF-D534-4201-B8F2-2BAEA3185474} = {0FF44233-D561-4A2C-AAB1-EC867C8FE1ED}
		{2F98EB42-83B1-4D80-BFE3-6A3182B2ADF9} = {48041AD6-CCBB-434A-A71C-B447E22ED0B4}
		{C40B99A5-DDD9-4D7F-9957-25CFF583D2AD} = {88182A7F-3150-4BAE-B8C9-D0240A2DB125}
		{06266A55-DC44-41A8-ADCC-5AC7C67CF117} = {EA96861E-72AB-4C63-8218-01D13F872A79}
		{6403FE7A-C01E-4682-B201-AC2AED3A7FD5} = {62017281-D596-4482-8388-6ED82253EC46}
		{654C2333-645C-4BE4-A7DF-D22DC9A2B037} = {82BB723B-E4B7-4EB8-A932-E0805148B556}
		{B0540CCA-15B0-44A7-A959-905C39FA1BD3} = {6F13F4D6-4C22-4968-9742-2AE6CAB8BB29}
		{350D93A1-1226-490C-A4CD-0855A323D436} = {37101B59-DDF7-420A-AF0C-E3E835D23247}
		{B233EEAB-BBDF-410A-9DB3-3F67187F7A83} = {43D5EF60-B50A-4D8F-B32A-30A875418818}
		{AC01451F-B36B-4E9D-9AA0-A6E2A3529D78} = {4452208F-3C8E-4767-A0E1-C9A9B66D79D7}
	EndGlobalSection
	GlobalSection(ExtensibilityGlobals) = postSolution
		SolutionGuid = {489EF363-3B79-42FA-AEAD-471256C98B59}
	EndGlobalSection
EndGlobal
